
Microsoft Visual Studio Solution File, Format Version 12.00
# Visual Studio Version 17
VisualStudioVersion = 17.8.34330.188
MinimumVisualStudioVersion = 10.0.40219.1
Project("{FAE04EC0-301F-11D3-BF4B-00C04F79EFBC}") = "appBlackJack", "appBlackJack\appBlackJack.csproj", "{256ABF3F-A1AF-4679-9002-D60425CF48BC}"
EndProject
Global
	GlobalSection(SolutionConfigurationPlatforms) = preSolution
		Debug|Any CPU = Debug|Any CPU
		Release|Any CPU = Release|Any CPU
	EndGlobalSection
	GlobalSection(ProjectConfigurationPlatforms) = postSolution
		{256ABF3F-A1AF-4679-9002-D60425CF48BC}.Debug|Any CPU.ActiveCfg = Debug|Any CPU
		{256ABF3F-A1AF-4679-9002-D60425CF48BC}.Debug|Any CPU.Build.0 = Debug|Any CPU
		{256ABF3F-A1AF-4679-9002-D60425CF48BC}.Release|Any CPU.ActiveCfg = Release|Any CPU
		{256ABF3F-A1AF-4679-9002-D60425CF48BC}.Release|Any CPU.Build.0 = Release|Any CPU
	EndGlobalSection
	GlobalSection(SolutionProperties) = preSolution
		HideSolutionNode = FALSE
	EndGlobalSection
	GlobalSection(ExtensibilityGlobals) = postSolution
		SolutionGuid = {0E17014F-3B7E-453B-973C-43B93EE5F04D}
	EndGlobalSection
EndGlobal
